{
  "name": "localized_controllers",
  "requires": true,
  "lockfileVersion": 1,
  "dependencies": {
    "@prettier/plugin-ruby": {
      "version": "1.5.5",
      "resolved": "https://registry.npmjs.org/@prettier/plugin-ruby/-/plugin-ruby-1.5.5.tgz",
      "integrity": "sha512-b387GdXU+LrnY+oaKWRUI5EnsUvrQ0G1jUSVPkvUTGzp/w+BB9/n4SICVPY3V9/wYsvWpAZq4LkE4FdBufXUtA==",
      "dev": true,
      "requires": {
        "prettier": ">=1.10"
      }
    },
    "prettier": {
      "version": "2.3.1",
      "resolved": "https://registry.npmjs.org/prettier/-/prettier-2.3.1.tgz",
      "integrity": "sha512-p+vNbgpLjif/+D+DwAZAbndtRrR0md0MwfmOVN9N+2RgyACMT+7tfaRnT+WDPkqnuVwleyuBIG2XBxKDme3hPA==",
      "dev": true
    }
  }
}
